
Microsoft Visual Studio Solution File, Format Version 12.00
# Visual Studio 15
VisualStudioVersion = 15.0.27130.2020
MinimumVisualStudioVersion = 10.0.40219.1
Project("{2150E333-8FDC-42A3-9474-1A3956D46DE8}") = "Internal", "Internal", "{2B364A63-089C-4BBC-AA7A-838D79A417F7}"
EndProject
Project("{2150E333-8FDC-42A3-9474-1A3956D46DE8}") = "Builder", "Builder", "{482DC2AA-59C4-424F-90CE-0B8286AE9BCF}"
EndProject
Project("{2150E333-8FDC-42A3-9474-1A3956D46DE8}") = "Customers", "Customers", "{0FF42335-3B5C-4518-A8FC-165A913B6A91}"
EndProject
Project("{2150E333-8FDC-42A3-9474-1A3956D46DE8}") = "External", "External", "{60CFFD36-4E62-4C6E-820B-A7615CF247C9}"
EndProject
Project("{2150E333-8FDC-42A3-9474-1A3956D46DE8}") = "Shared", "Shared", "{BDA580D5-5206-42DF-8DA5-686936E955F1}"
EndProject
Project("{9A19103F-16F7-4668-BE54-9A1E7A4F7556}") = "SC.Slick.Internal.Data.Model", "SC.Slick.Internal.Data.Model\SC.Slick.Internal.Data.Model.csproj", "{007265F3-4C70-4543-9BAF-A05766CF424F}"
EndProject
Project("{2150E333-8FDC-42A3-9474-1A3956D46DE8}") = "Model", "Model", "{284F6F86-CC21-4671-9376-2D0A401ABEA5}"
EndProject
Project("{9A19103F-16F7-4668-BE54-9A1E7A4F7556}") = "SC.Slick.Internal.Data.ViewModel", "SC.Slick.Internal.Data.ViewModel\SC.Slick.Internal.Data.ViewModel.csproj", "{A6F522E2-0FA7-4509-AC03-0FE1E8382E3A}"
EndProject
Project("{2150E333-8FDC-42A3-9474-1A3956D46DE8}") = "Data", "Data", "{41287DE4-A131-4BE7-AD74-007E4948CA5D}"
EndProject
Project("{2150E333-8FDC-42A3-9474-1A3956D46DE8}") = "Repository", "Repository", "{37529C72-7C8E-4228-8E39-FD344E1BE826}"
EndProject
Project("{2150E333-8FDC-42A3-9474-1A3956D46DE8}") = "Entity", "Entity", "{C8FFC361-B1DC-4BF3-BF41-D69852B9860D}"
EndProject
Project("{9A19103F-16F7-4668-BE54-9A1E7A4F7556}") = "SC.Slick.Internal.Data.Entity", "SC.Slick.Internal.Data.Entity\SC.Slick.Internal.Data.Entity.csproj", "{7398C0ED-BAE0-4BF1-A87A-30BA0C42A84F}"
EndProject
Project("{FAE04EC0-301F-11D3-BF4B-00C04F79EFBC}") = "SC.Slick.Internal.Web", "SC.Slick.Internal.Web\SC.Slick.Internal.Web.csproj", "{9C8E375F-D6AD-4961-8FA4-7AC350C5DE39}"
EndProject
Global
	GlobalSection(SolutionConfigurationPlatforms) = preSolution
		Debug|Any CPU = Debug|Any CPU
		Release|Any CPU = Release|Any CPU
	EndGlobalSection
	GlobalSection(ProjectConfigurationPlatforms) = postSolution
		{007265F3-4C70-4543-9BAF-A05766CF424F}.Debug|Any CPU.ActiveCfg = Debug|Any CPU
		{007265F3-4C70-4543-9BAF-A05766CF424F}.Debug|Any CPU.Build.0 = Debug|Any CPU
		{007265F3-4C70-4543-9BAF-A05766CF424F}.Release|Any CPU.ActiveCfg = Release|Any CPU
		{007265F3-4C70-4543-9BAF-A05766CF424F}.Release|Any CPU.Build.0 = Release|Any CPU
		{A6F522E2-0FA7-4509-AC03-0FE1E8382E3A}.Debug|Any CPU.ActiveCfg = Debug|Any CPU
		{A6F522E2-0FA7-4509-AC03-0FE1E8382E3A}.Debug|Any CPU.Build.0 = Debug|Any CPU
		{A6F522E2-0FA7-4509-AC03-0FE1E8382E3A}.Release|Any CPU.ActiveCfg = Release|Any CPU
		{A6F522E2-0FA7-4509-AC03-0FE1E8382E3A}.Release|Any CPU.Build.0 = Release|Any CPU
		{7398C0ED-BAE0-4BF1-A87A-30BA0C42A84F}.Debug|Any CPU.ActiveCfg = Debug|Any CPU
		{7398C0ED-BAE0-4BF1-A87A-30BA0C42A84F}.Debug|Any CPU.Build.0 = Debug|Any CPU
		{7398C0ED-BAE0-4BF1-A87A-30BA0C42A84F}.Release|Any CPU.ActiveCfg = Release|Any CPU
		{7398C0ED-BAE0-4BF1-A87A-30BA0C42A84F}.Release|Any CPU.Build.0 = Release|Any CPU
		{9C8E375F-D6AD-4961-8FA4-7AC350C5DE39}.Debug|Any CPU.ActiveCfg = Debug|Any CPU
		{9C8E375F-D6AD-4961-8FA4-7AC350C5DE39}.Debug|Any CPU.Build.0 = Debug|Any CPU
		{9C8E375F-D6AD-4961-8FA4-7AC350C5DE39}.Release|Any CPU.ActiveCfg = Release|Any CPU
		{9C8E375F-D6AD-4961-8FA4-7AC350C5DE39}.Release|Any CPU.Build.0 = Release|Any CPU
	EndGlobalSection
	GlobalSection(SolutionProperties) = preSolution
		HideSolutionNode = FALSE
	EndGlobalSection
	GlobalSection(NestedProjects) = preSolution
		{482DC2AA-59C4-424F-90CE-0B8286AE9BCF} = {60CFFD36-4E62-4C6E-820B-A7615CF247C9}
		{0FF42335-3B5C-4518-A8FC-165A913B6A91} = {60CFFD36-4E62-4C6E-820B-A7615CF247C9}
		{007265F3-4C70-4543-9BAF-A05766CF424F} = {284F6F86-CC21-4671-9376-2D0A401ABEA5}
		{284F6F86-CC21-4671-9376-2D0A401ABEA5} = {41287DE4-A131-4BE7-AD74-007E4948CA5D}
		{A6F522E2-0FA7-4509-AC03-0FE1E8382E3A} = {284F6F86-CC21-4671-9376-2D0A401ABEA5}
		{41287DE4-A131-4BE7-AD74-007E4948CA5D} = {2B364A63-089C-4BBC-AA7A-838D79A417F7}
		{37529C72-7C8E-4228-8E39-FD344E1BE826} = {41287DE4-A131-4BE7-AD74-007E4948CA5D}
		{C8FFC361-B1DC-4BF3-BF41-D69852B9860D} = {41287DE4-A131-4BE7-AD74-007E4948CA5D}
		{7398C0ED-BAE0-4BF1-A87A-30BA0C42A84F} = {C8FFC361-B1DC-4BF3-BF41-D69852B9860D}
		{9C8E375F-D6AD-4961-8FA4-7AC350C5DE39} = {2B364A63-089C-4BBC-AA7A-838D79A417F7}
	EndGlobalSection
	GlobalSection(ExtensibilityGlobals) = postSolution
		SolutionGuid = {2FEA8804-E92B-4FED-AA65-1D05BDE2347C}
	EndGlobalSection
EndGlobal
